
Microsoft Visual Studio Solution File, Format Version 12.00
# Visual Studio Version 17
VisualStudioVersion = 17.2.32516.85
MinimumVisualStudioVersion = 10.0.40219.1
Project("{9A19103F-16F7-4668-BE54-9A1E7A4F7556}") = "ExploreCalifornia.WebApp", "ExploreCalifornia.WebApp\ExploreCalifornia.WebApp.csproj", "{3B80D7C6-AEE1-4CFE-883B-9CEBD4CBE374}"
EndProject
Project("{9A19103F-16F7-4668-BE54-9A1E7A4F7556}") = "ExploreCalifornia.EmailService", "ExploreCalifornia.EmailService\ExploreCalifornia.EmailService.csproj", "{A444FD38-30E7-4479-A3BF-41C6F2192D47}"
EndProject
Project("{9A19103F-16F7-4668-BE54-9A1E7A4F7556}") = "ExploreCalifornia.BackOffice", "ExploreCalifornia.BackOffice\ExploreCalifornia.BackOffice.csproj", "{AA77AD24-81D6-4763-B28A-04A218106901}"
EndProject
Project("{FAE04EC0-301F-11D3-BF4B-00C04F79EFBC}") = "ChatRoom", "ChatRoom\ChatRoom.csproj", "{6B495888-F2B8-4A58-9E13-1643BFBF7694}"
EndProject
Global
	GlobalSection(SolutionConfigurationPlatforms) = preSolution
		Debug|Any CPU = Debug|Any CPU
		Release|Any CPU = Release|Any CPU
	EndGlobalSection
	GlobalSection(ProjectConfigurationPlatforms) = postSolution
		{3B80D7C6-AEE1-4CFE-883B-9CEBD4CBE374}.Debug|Any CPU.ActiveCfg = Debug|Any CPU
		{3B80D7C6-AEE1-4CFE-883B-9CEBD4CBE374}.Debug|Any CPU.Build.0 = Debug|Any CPU
		{3B80D7C6-AEE1-4CFE-883B-9CEBD4CBE374}.Release|Any CPU.ActiveCfg = Release|Any CPU
		{3B80D7C6-AEE1-4CFE-883B-9CEBD4CBE374}.Release|Any CPU.Build.0 = Release|Any CPU
		{A444FD38-30E7-4479-A3BF-41C6F2192D47}.Debug|Any CPU.ActiveCfg = Debug|Any CPU
		{A444FD38-30E7-4479-A3BF-41C6F2192D47}.Debug|Any CPU.Build.0 = Debug|Any CPU
		{A444FD38-30E7-4479-A3BF-41C6F2192D47}.Release|Any CPU.ActiveCfg = Release|Any CPU
		{A444FD38-30E7-4479-A3BF-41C6F2192D47}.Release|Any CPU.Build.0 = Release|Any CPU
		{AA77AD24-81D6-4763-B28A-04A218106901}.Debug|Any CPU.ActiveCfg = Debug|Any CPU
		{AA77AD24-81D6-4763-B28A-04A218106901}.Debug|Any CPU.Build.0 = Debug|Any CPU
		{AA77AD24-81D6-4763-B28A-04A218106901}.Release|Any CPU.ActiveCfg = Release|Any CPU
		{AA77AD24-81D6-4763-B28A-04A218106901}.Release|Any CPU.Build.0 = Release|Any CPU
		{6B495888-F2B8-4A58-9E13-1643BFBF7694}.Debug|Any CPU.ActiveCfg = Debug|Any CPU
		{6B495888-F2B8-4A58-9E13-1643BFBF7694}.Debug|Any CPU.Build.0 = Debug|Any CPU
		{6B495888-F2B8-4A58-9E13-1643BFBF7694}.Release|Any CPU.ActiveCfg = Release|Any CPU
		{6B495888-F2B8-4A58-9E13-1643BFBF7694}.Release|Any CPU.Build.0 = Release|Any CPU
	EndGlobalSection
	GlobalSection(SolutionProperties) = preSolution
		HideSolutionNode = FALSE
	EndGlobalSection
	GlobalSection(ExtensibilityGlobals) = postSolution
		SolutionGuid = {5AFC5025-15B0-4F53-9D4C-668DE7EEF1D2}
	EndGlobalSection
EndGlobal
